{
  "name": "@seriousme/opifex",
  "version": "1.11.3",
  "lockfileVersion": 3,
  "requires": true,
  "packages": {
    "": {
      "name": "@seriousme/opifex",
      "version": "1.11.3",
      "license": "MIT",
      "bin": {
        "demoServer": "dist/bin/demoServer.js",
        "mqtt": "dist/bin/mqtt.js"
      },
      "devDependencies": {
        "@types/node": "^26.6.2",
        "@types/node-forge": "^1.3.14",
        "node-forge": "^1.4.0"
      },
      "engines": {
        "node": ">=26"
      }
    },
    "node_modules/@types/node": {
      "version": "26.6.2",
      "resolved": "https://registry.npmjs.org/@types/node/-/node-26.6.2.tgz",
      "integrity": "sha512-X1P21scMv4zGKLYqjdGjaKa7COa0RKVYYZZN/NfvLQ1JegxFhdhpZG/Lyn8AXx6CDUavKAd11v6BvfpkDByK8g==",
      "dev": true,
      "license": "MIT",
      "dependencies": {
        "undici-types": "~8.9.0"
      }
    },
    "node_modules/@types/node-forge": {
      "version": "1.3.14",
      "resolved": "https://registry.npmjs.org/@types/node-forge/-/node-forge-1.3.14.tgz",
      "integrity": "sha512-mhVF2BnD4BO+jtOp7z1CdzaK4mbuK0LLQYAvdOLqHTavxFNq4zA1EmYkpnFjP8HOUzedfQkRnp0E2ulSAYSzAw==",
      "dev": true,
      "license": "MIT",
      "dependencies": {
        "@types/node": "*"
      }
    },
    "node_modules/node-forge": {
      "version": "1.4.0",
      "resolved": "https://registry.npmjs.org/node-forge/-/node-forge-1.4.0.tgz",
      "integrity": "sha512-LarFH0+6VfriEhqMMcLX2F7SwSXeWwnEAJEsYm5QKWchiVYVvJyV9v7UDvUv+w5HO23ZpQTXDv/GxdDdMyOuoQ==",
      "dev": true,
      "license": "(BSD-3-Clause OR GPL-2.0)",
      "engines": {
        "node": ">= 6.13.0"
      }
    },
    "node_modules/undici-types": {
      "version": "8.9.0",
      "resolved": "https://registry.npmjs.org/undici-types/-/undici-types-8.9.0.tgz",
      "integrity": "sha512-KTDyRTYX8sWmKXAikPHHSyc63CRPETMctyjKFupcC6OBLXT3xsN0e9aF7m+mIXutFWpUXuedtowG7iLOzp0kQg==",
      "dev": true,
      "license": "MIT"
    }
  }
}
